
Microsoft Visual Studio Solution File, Format Version 12.00
# Visual Studio Version 16
VisualStudioVersion = 16.0.28917.181
MinimumVisualStudioVersion = 10.0.40219.1
Project("{2150E333-8FDC-42A3-9474-1A3956D46DE8}") = "src", "src", "{F4A69B41-BC71-44E1-8430-D26BC7B9DC51}"
EndProject
Project("{2150E333-8FDC-42A3-9474-1A3956D46DE8}") = "test", "test", "{56D09E7E-33BD-4A09-9E0D-C53A638DD2AB}"
EndProject
Project("{FAE04EC0-301F-11D3-BF4B-00C04F79EFBC}") = "Geisha.Editor", "src\Geisha.Editor\Geisha.Editor.csproj", "{97C4EF3E-EEB2-49D6-991E-BC3AD1EF6D4F}"
EndProject
Project("{FAE04EC0-301F-11D3-BF4B-00C04F79EFBC}") = "Geisha.Editor.UnitTests", "test\Geisha.Editor.UnitTests\Geisha.Editor.UnitTests.csproj", "{4A136DCD-E907-447A-A15E-11430E5A20FC}"
EndProject
Project("{FAE04EC0-301F-11D3-BF4B-00C04F79EFBC}") = "Geisha.Engine.IntegrationTests", "test\Geisha.Engine.IntegrationTests\Geisha.Engine.IntegrationTests.csproj", "{F69BA6DB-55A3-427E-9A1B-ABD32B83C5AD}"
EndProject
Project("{FAE04EC0-301F-11D3-BF4B-00C04F79EFBC}") = "Geisha.TestGame", "src\Geisha.TestGame\Geisha.TestGame.csproj", "{0C0C47F3-07F5-4347-B780-853D2DB9C19A}"
EndProject
Project("{2150E333-8FDC-42A3-9474-1A3956D46DE8}") = "Platform Backends", "Platform Backends", "{B320D86E-8CBB-482F-B480-9D4C49DFDEC5}"
EndProject
Project("{2150E333-8FDC-42A3-9474-1A3956D46DE8}") = "Platform Backends", "Platform Backends", "{9CFEED06-0D36-4B0A-9AFF-ABE0E9A68CCE}"
EndProject
Project("{FAE04EC0-301F-11D3-BF4B-00C04F79EFBC}") = "Geisha.Engine.Rendering.DirectX", "src\Geisha.Engine.Rendering.DirectX\Geisha.Engine.Rendering.DirectX.csproj", "{2C7BFA82-A9F9-4A6E-9109-1356654531F4}"
EndProject
Project("{2150E333-8FDC-42A3-9474-1A3956D46DE8}") = "Hosts", "Hosts", "{2D1CB760-A0D9-4798-B2F7-A528B86FF9FA}"
EndProject
Project("{FAE04EC0-301F-11D3-BF4B-00C04F79EFBC}") = "Geisha.Engine.Host.Windows", "src\Geisha.Engine.Host.Windows\Geisha.Engine.Host.Windows.csproj", "{971D94AA-EE2D-4210-A67B-ED45A0E97337}"
EndProject
Project("{FAE04EC0-301F-11D3-BF4B-00C04F79EFBC}") = "Geisha.Editor.IntegrationTests", "test\Geisha.Editor.IntegrationTests\Geisha.Editor.IntegrationTests.csproj", "{86B6B15D-E99A-4F32-B11B-F379510AA161}"
EndProject
Project("{9A19103F-16F7-4668-BE54-9A1E7A4F7556}") = "Geisha.Common", "src\Geisha.Common\Geisha.Common.csproj", "{F8C94D16-DECE-4D83-BFDC-D880EBB42BF3}"
EndProject
Project("{9A19103F-16F7-4668-BE54-9A1E7A4F7556}") = "Geisha.Common.TestUtils", "test\Geisha.Common.TestUtils\Geisha.Common.TestUtils.csproj", "{E0FE3B56-AF78-466B-A53E-197E2AF1D4FD}"
EndProject
Project("{9A19103F-16F7-4668-BE54-9A1E7A4F7556}") = "Geisha.Common.UnitTests", "test\Geisha.Common.UnitTests\Geisha.Common.UnitTests.csproj", "{C3856B70-35DA-4CDA-AFEC-BD4526883D63}"
EndProject
Project("{9A19103F-16F7-4668-BE54-9A1E7A4F7556}") = "Geisha.Common.IntegrationTests", "test\Geisha.Common.IntegrationTests\Geisha.Common.IntegrationTests.csproj", "{A901B648-390E-4DFE-BBE9-43C913B7423B}"
EndProject
Project("{9A19103F-16F7-4668-BE54-9A1E7A4F7556}") = "Geisha.Engine", "src\Geisha.Engine\Geisha.Engine.csproj", "{16DB01B2-5F24-4E04-B56F-1678513D04CE}"
EndProject
Project("{9A19103F-16F7-4668-BE54-9A1E7A4F7556}") = "Geisha.Engine.UnitTests", "test\Geisha.Engine.UnitTests\Geisha.Engine.UnitTests.csproj", "{301EC418-D2DD-40E5-A159-4B6AD5813C9D}"
EndProject
Project("{9A19103F-16F7-4668-BE54-9A1E7A4F7556}") = "Geisha.IntegrationTestsData", "test\Geisha.IntegrationTestsData\Geisha.IntegrationTestsData.csproj", "{5047F356-6E64-472E-91F3-CC1F3CC2D7E0}"
EndProject
Project("{9A19103F-16F7-4668-BE54-9A1E7A4F7556}") = "Geisha.Engine.Audio.CSCore", "src\Geisha.Engine.Audio.CSCore\Geisha.Engine.Audio.CSCore.csproj", "{E41BE382-1689-4783-9993-C9CD30968EE0}"
EndProject
Project("{9A19103F-16F7-4668-BE54-9A1E7A4F7556}") = "Geisha.Engine.Audio.CSCore.UnitTests", "test\Geisha.Engine.Audio.CSCore.UnitTests\Geisha.Engine.Audio.CSCore.UnitTests.csproj", "{9CD18AE0-8C4A-4E53-BE18-C74C5D2F2D7D}"
EndProject
Project("{FAE04EC0-301F-11D3-BF4B-00C04F79EFBC}") = "Geisha.Engine.Input.Windows", "src\Geisha.Engine.Input.Windows\Geisha.Engine.Input.Windows.csproj", "{82EBA653-5674-49E3-9CB0-EE5908FB3F32}"
EndProject
Global
	GlobalSection(SolutionConfigurationPlatforms) = preSolution
		Debug|Any CPU = Debug|Any CPU
		Release|Any CPU = Release|Any CPU
	EndGlobalSection
	GlobalSection(ProjectConfigurationPlatforms) = postSolution
		{97C4EF3E-EEB2-49D6-991E-BC3AD1EF6D4F}.Debug|Any CPU.ActiveCfg = Debug|Any CPU
		{97C4EF3E-EEB2-49D6-991E-BC3AD1EF6D4F}.Debug|Any CPU.Build.0 = Debug|Any CPU
		{97C4EF3E-EEB2-49D6-991E-BC3AD1EF6D4F}.Release|Any CPU.ActiveCfg = Release|Any CPU
		{97C4EF3E-EEB2-49D6-991E-BC3AD1EF6D4F}.Release|Any CPU.Build.0 = Release|Any CPU
		{4A136DCD-E907-447A-A15E-11430E5A20FC}.Debug|Any CPU.ActiveCfg = Debug|Any CPU
		{4A136DCD-E907-447A-A15E-11430E5A20FC}.Debug|Any CPU.Build.0 = Debug|Any CPU
		{4A136DCD-E907-447A-A15E-11430E5A20FC}.Release|Any CPU.ActiveCfg = Release|Any CPU
		{4A136DCD-E907-447A-A15E-11430E5A20FC}.Release|Any CPU.Build.0 = Release|Any CPU
		{F69BA6DB-55A3-427E-9A1B-ABD32B83C5AD}.Debug|Any CPU.ActiveCfg = Debug|Any CPU
		{F69BA6DB-55A3-427E-9A1B-ABD32B83C5AD}.Debug|Any CPU.Build.0 = Debug|Any CPU
		{F69BA6DB-55A3-427E-9A1B-ABD32B83C5AD}.Release|Any CPU.ActiveCfg = Release|Any CPU
		{F69BA6DB-55A3-427E-9A1B-ABD32B83C5AD}.Release|Any CPU.Build.0 = Release|Any CPU
		{0C0C47F3-07F5-4347-B780-853D2DB9C19A}.Debug|Any CPU.ActiveCfg = Debug|Any CPU
		{0C0C47F3-07F5-4347-B780-853D2DB9C19A}.Debug|Any CPU.Build.0 = Debug|Any CPU
		{0C0C47F3-07F5-4347-B780-853D2DB9C19A}.Release|Any CPU.ActiveCfg = Release|Any CPU
		{0C0C47F3-07F5-4347-B780-853D2DB9C19A}.Release|Any CPU.Build.0 = Release|Any CPU
		{2C7BFA82-A9F9-4A6E-9109-1356654531F4}.Debug|Any CPU.ActiveCfg = Debug|Any CPU
		{2C7BFA82-A9F9-4A6E-9109-1356654531F4}.Debug|Any CPU.Build.0 = Debug|Any CPU
		{2C7BFA82-A9F9-4A6E-9109-1356654531F4}.Release|Any CPU.ActiveCfg = Release|Any CPU
		{2C7BFA82-A9F9-4A6E-9109-1356654531F4}.Release|Any CPU.Build.0 = Release|Any CPU
		{971D94AA-EE2D-4210-A67B-ED45A0E97337}.Debug|Any CPU.ActiveCfg = Debug|Any CPU
		{971D94AA-EE2D-4210-A67B-ED45A0E97337}.Debug|Any CPU.Build.0 = Debug|Any CPU
		{971D94AA-EE2D-4210-A67B-ED45A0E97337}.Release|Any CPU.ActiveCfg = Release|Any CPU
		{971D94AA-EE2D-4210-A67B-ED45A0E97337}.Release|Any CPU.Build.0 = Release|Any CPU
		{86B6B15D-E99A-4F32-B11B-F379510AA161}.Debug|Any CPU.ActiveCfg = Debug|Any CPU
		{86B6B15D-E99A-4F32-B11B-F379510AA161}.Debug|Any CPU.Build.0 = Debug|Any CPU
		{86B6B15D-E99A-4F32-B11B-F379510AA161}.Release|Any CPU.ActiveCfg = Release|Any CPU
		{86B6B15D-E99A-4F32-B11B-F379510AA161}.Release|Any CPU.Build.0 = Release|Any CPU
		{F8C94D16-DECE-4D83-BFDC-D880EBB42BF3}.Debug|Any CPU.ActiveCfg = Debug|Any CPU
		{F8C94D16-DECE-4D83-BFDC-D880EBB42BF3}.Debug|Any CPU.Build.0 = Debug|Any CPU
		{F8C94D16-DECE-4D83-BFDC-D880EBB42BF3}.Release|Any CPU.ActiveCfg = Release|Any CPU
		{F8C94D16-DECE-4D83-BFDC-D880EBB42BF3}.Release|Any CPU.Build.0 = Release|Any CPU
		{E0FE3B56-AF78-466B-A53E-197E2AF1D4FD}.Debug|Any CPU.ActiveCfg = Debug|Any CPU
		{E0FE3B56-AF78-466B-A53E-197E2AF1D4FD}.Debug|Any CPU.Build.0 = Debug|Any CPU
		{E0FE3B56-AF78-466B-A53E-197E2AF1D4FD}.Release|Any CPU.ActiveCfg = Release|Any CPU
		{E0FE3B56-AF78-466B-A53E-197E2AF1D4FD}.Release|Any CPU.Build.0 = Release|Any CPU
		{C3856B70-35DA-4CDA-AFEC-BD4526883D63}.Debug|Any CPU.ActiveCfg = Debug|Any CPU
		{C3856B70-35DA-4CDA-AFEC-BD4526883D63}.Debug|Any CPU.Build.0 = Debug|Any CPU
		{C3856B70-35DA-4CDA-AFEC-BD4526883D63}.Release|Any CPU.ActiveCfg = Release|Any CPU
		{C3856B70-35DA-4CDA-AFEC-BD4526883D63}.Release|Any CPU.Build.0 = Release|Any CPU
		{A901B648-390E-4DFE-BBE9-43C913B7423B}.Debug|Any CPU.ActiveCfg = Debug|Any CPU
		{A901B648-390E-4DFE-BBE9-43C913B7423B}.Debug|Any CPU.Build.0 = Debug|Any CPU
		{A901B648-390E-4DFE-BBE9-43C913B7423B}.Release|Any CPU.ActiveCfg = Release|Any CPU
		{A901B648-390E-4DFE-BBE9-43C913B7423B}.Release|Any CPU.Build.0 = Release|Any CPU
		{16DB01B2-5F24-4E04-B56F-1678513D04CE}.Debug|Any CPU.ActiveCfg = Debug|Any CPU
		{16DB01B2-5F24-4E04-B56F-1678513D04CE}.Debug|Any CPU.Build.0 = Debug|Any CPU
		{16DB01B2-5F24-4E04-B56F-1678513D04CE}.Release|Any CPU.ActiveCfg = Release|Any CPU
		{16DB01B2-5F24-4E04-B56F-1678513D04CE}.Release|Any CPU.Build.0 = Release|Any CPU
		{301EC418-D2DD-40E5-A159-4B6AD5813C9D}.Debug|Any CPU.ActiveCfg = Debug|Any CPU
		{301EC418-D2DD-40E5-A159-4B6AD5813C9D}.Debug|Any CPU.Build.0 = Debug|Any CPU
		{301EC418-D2DD-40E5-A159-4B6AD5813C9D}.Release|Any CPU.ActiveCfg = Release|Any CPU
		{301EC418-D2DD-40E5-A159-4B6AD5813C9D}.Release|Any CPU.Build.0 = Release|Any CPU
		{5047F356-6E64-472E-91F3-CC1F3CC2D7E0}.Debug|Any CPU.ActiveCfg = Debug|Any CPU
		{5047F356-6E64-472E-91F3-CC1F3CC2D7E0}.Debug|Any CPU.Build.0 = Debug|Any CPU
		{5047F356-6E64-472E-91F3-CC1F3CC2D7E0}.Release|Any CPU.ActiveCfg = Release|Any CPU
		{5047F356-6E64-472E-91F3-CC1F3CC2D7E0}.Release|Any CPU.Build.0 = Release|Any CPU
		{E41BE382-1689-4783-9993-C9CD30968EE0}.Debug|Any CPU.ActiveCfg = Debug|Any CPU
		{E41BE382-1689-4783-9993-C9CD30968EE0}.Debug|Any CPU.Build.0 = Debug|Any CPU
		{E41BE382-1689-4783-9993-C9CD30968EE0}.Release|Any CPU.ActiveCfg = Release|Any CPU
		{E41BE382-1689-4783-9993-C9CD30968EE0}.Release|Any CPU.Build.0 = Release|Any CPU
		{9CD18AE0-8C4A-4E53-BE18-C74C5D2F2D7D}.Debug|Any CPU.ActiveCfg = Debug|Any CPU
		{9CD18AE0-8C4A-4E53-BE18-C74C5D2F2D7D}.Debug|Any CPU.Build.0 = Debug|Any CPU
		{9CD18AE0-8C4A-4E53-BE18-C74C5D2F2D7D}.Release|Any CPU.ActiveCfg = Release|Any CPU
		{9CD18AE0-8C4A-4E53-BE18-C74C5D2F2D7D}.Release|Any CPU.Build.0 = Release|Any CPU
		{82EBA653-5674-49E3-9CB0-EE5908FB3F32}.Debug|Any CPU.ActiveCfg = Debug|Any CPU
		{82EBA653-5674-49E3-9CB0-EE5908FB3F32}.Debug|Any CPU.Build.0 = Debug|Any CPU
		{82EBA653-5674-49E3-9CB0-EE5908FB3F32}.Release|Any CPU.ActiveCfg = Release|Any CPU
		{82EBA653-5674-49E3-9CB0-EE5908FB3F32}.Release|Any CPU.Build.0 = Release|Any CPU
	EndGlobalSection
	GlobalSection(SolutionProperties) = preSolution
		HideSolutionNode = FALSE
	EndGlobalSection
	GlobalSection(NestedProjects) = preSolution
		{97C4EF3E-EEB2-49D6-991E-BC3AD1EF6D4F} = {F4A69B41-BC71-44E1-8430-D26BC7B9DC51}
		{4A136DCD-E907-447A-A15E-11430E5A20FC} = {56D09E7E-33BD-4A09-9E0D-C53A638DD2AB}
		{F69BA6DB-55A3-427E-9A1B-ABD32B83C5AD} = {56D09E7E-33BD-4A09-9E0D-C53A638DD2AB}
		{0C0C47F3-07F5-4347-B780-853D2DB9C19A} = {F4A69B41-BC71-44E1-8430-D26BC7B9DC51}
		{B320D86E-8CBB-482F-B480-9D4C49DFDEC5} = {F4A69B41-BC71-44E1-8430-D26BC7B9DC51}
		{9CFEED06-0D36-4B0A-9AFF-ABE0E9A68CCE} = {56D09E7E-33BD-4A09-9E0D-C53A638DD2AB}
		{2C7BFA82-A9F9-4A6E-9109-1356654531F4} = {B320D86E-8CBB-482F-B480-9D4C49DFDEC5}
		{2D1CB760-A0D9-4798-B2F7-A528B86FF9FA} = {F4A69B41-BC71-44E1-8430-D26BC7B9DC51}
		{971D94AA-EE2D-4210-A67B-ED45A0E97337} = {2D1CB760-A0D9-4798-B2F7-A528B86FF9FA}
		{86B6B15D-E99A-4F32-B11B-F379510AA161} = {56D09E7E-33BD-4A09-9E0D-C53A638DD2AB}
		{F8C94D16-DECE-4D83-BFDC-D880EBB42BF3} = {F4A69B41-BC71-44E1-8430-D26BC7B9DC51}
		{E0FE3B56-AF78-466B-A53E-197E2AF1D4FD} = {56D09E7E-33BD-4A09-9E0D-C53A638DD2AB}
		{C3856B70-35DA-4CDA-AFEC-BD4526883D63} = {56D09E7E-33BD-4A09-9E0D-C53A638DD2AB}
		{A901B648-390E-4DFE-BBE9-43C913B7423B} = {56D09E7E-33BD-4A09-9E0D-C53A638DD2AB}
		{16DB01B2-5F24-4E04-B56F-1678513D04CE} = {F4A69B41-BC71-44E1-8430-D26BC7B9DC51}
		{301EC418-D2DD-40E5-A159-4B6AD5813C9D} = {56D09E7E-33BD-4A09-9E0D-C53A638DD2AB}
		{5047F356-6E64-472E-91F3-CC1F3CC2D7E0} = {56D09E7E-33BD-4A09-9E0D-C53A638DD2AB}
		{E41BE382-1689-4783-9993-C9CD30968EE0} = {B320D86E-8CBB-482F-B480-9D4C49DFDEC5}
		{9CD18AE0-8C4A-4E53-BE18-C74C5D2F2D7D} = {9CFEED06-0D36-4B0A-9AFF-ABE0E9A68CCE}
		{82EBA653-5674-49E3-9CB0-EE5908FB3F32} = {B320D86E-8CBB-482F-B480-9D4C49DFDEC5}
	EndGlobalSection
	GlobalSection(ExtensibilityGlobals) = postSolution
		SolutionGuid = {857F207B-3363-49DE-A98D-5D8B6C23B3CD}
	EndGlobalSection
EndGlobal
