
Microsoft Visual Studio Solution File, Format Version 12.00
# Visual Studio Version 16
VisualStudioVersion = 16.0.28917.181
MinimumVisualStudioVersion = 10.0.40219.1
Project("{2150E333-8FDC-42A3-9474-1A3956D46DE8}") = "src", "src", "{F4A69B41-BC71-44E1-8430-D26BC7B9DC51}"
EndProject
Project("{2150E333-8FDC-42A3-9474-1A3956D46DE8}") = "test", "test", "{56D09E7E-33BD-4A09-9E0D-C53A638DD2AB}"
EndProject
Project("{FAE04EC0-301F-11D3-BF4B-00C04F79EFBC}") = "Geisha.Common", "src\Geisha.Common\Geisha.Common.csproj", "{1616A21A-7C1A-4096-BD40-BA77B1628D0F}"
EndProject
Project("{FAE04EC0-301F-11D3-BF4B-00C04F79EFBC}") = "Geisha.Common.TestUtils", "test\Geisha.Common.TestUtils\Geisha.Common.TestUtils.csproj", "{8C9B3A77-404D-44ED-8DC0-0FFC3C8428B5}"
EndProject
Project("{FAE04EC0-301F-11D3-BF4B-00C04F79EFBC}") = "Geisha.Common.UnitTests", "test\Geisha.Common.UnitTests\Geisha.Common.UnitTests.csproj", "{64F42F7B-F3BD-438F-BFCB-1E562EA8F135}"
EndProject
Project("{FAE04EC0-301F-11D3-BF4B-00C04F79EFBC}") = "Geisha.Common.IntegrationTests", "test\Geisha.Common.IntegrationTests\Geisha.Common.IntegrationTests.csproj", "{DEAAA4A7-BAD1-4714-A629-3439D649C2B1}"
EndProject
Project("{FAE04EC0-301F-11D3-BF4B-00C04F79EFBC}") = "Geisha.Framework.FileSystem", "src\Geisha.Framework.FileSystem\Geisha.Framework.FileSystem.csproj", "{E637134D-C742-4612-B158-FA185A20A698}"
EndProject
Project("{FAE04EC0-301F-11D3-BF4B-00C04F79EFBC}") = "Geisha.Framework.FileSystem.IntegrationTests", "test\Geisha.Framework.FileSystem.IntegrationTests\Geisha.Framework.FileSystem.IntegrationTests.csproj", "{1466B2D1-9863-4700-8865-CF1EDBE5B5B8}"
EndProject
Project("{FAE04EC0-301F-11D3-BF4B-00C04F79EFBC}") = "Geisha.Editor", "src\Geisha.Editor\Geisha.Editor.csproj", "{97C4EF3E-EEB2-49D6-991E-BC3AD1EF6D4F}"
EndProject
Project("{FAE04EC0-301F-11D3-BF4B-00C04F79EFBC}") = "Geisha.Editor.UnitTests", "test\Geisha.Editor.UnitTests\Geisha.Editor.UnitTests.csproj", "{4A136DCD-E907-447A-A15E-11430E5A20FC}"
EndProject
Project("{FAE04EC0-301F-11D3-BF4B-00C04F79EFBC}") = "Geisha.Engine.IntegrationTests", "test\Geisha.Engine.IntegrationTests\Geisha.Engine.IntegrationTests.csproj", "{F69BA6DB-55A3-427E-9A1B-ABD32B83C5AD}"
EndProject
Project("{FAE04EC0-301F-11D3-BF4B-00C04F79EFBC}") = "Geisha.Engine.Host.DirectX", "src\Geisha.Engine.Host.DirectX\Geisha.Engine.Host.DirectX.csproj", "{82085ABD-B264-48DA-8D98-7EC8E62D6E52}"
EndProject
Project("{FAE04EC0-301F-11D3-BF4B-00C04F79EFBC}") = "Geisha.TestGame", "src\Geisha.TestGame\Geisha.TestGame.csproj", "{0C0C47F3-07F5-4347-B780-853D2DB9C19A}"
EndProject
Project("{FAE04EC0-301F-11D3-BF4B-00C04F79EFBC}") = "Geisha.Engine", "src\Geisha.Engine\Geisha.Engine.csproj", "{4BD54661-F7EE-4589-BF75-CA6DCE4F1795}"
EndProject
Project("{FAE04EC0-301F-11D3-BF4B-00C04F79EFBC}") = "Geisha.Engine.UnitTests", "test\Geisha.Engine.UnitTests\Geisha.Engine.UnitTests.csproj", "{229674CA-2023-4DB6-8096-EF98CBC74C90}"
EndProject
Project("{2150E333-8FDC-42A3-9474-1A3956D46DE8}") = "Platform Backends", "Platform Backends", "{B320D86E-8CBB-482F-B480-9D4C49DFDEC5}"
EndProject
Project("{FAE04EC0-301F-11D3-BF4B-00C04F79EFBC}") = "Geisha.Engine.Input.Windows", "src\Geisha.Engine.Input.Windows\Geisha.Engine.Input.Windows.csproj", "{F73D43AF-5EC1-44CF-88D0-D72F07CF872B}"
EndProject
Project("{FAE04EC0-301F-11D3-BF4B-00C04F79EFBC}") = "Geisha.Engine.Audio.CSCore", "src\Geisha.Engine.Audio.CSCore\Geisha.Engine.Audio.CSCore.csproj", "{658E913B-2108-4503-8813-755E668C5134}"
EndProject
Project("{FAE04EC0-301F-11D3-BF4B-00C04F79EFBC}") = "Geisha.Engine.Audio.CSCore.UnitTests", "test\Geisha.Engine.Audio.CSCore.UnitTests\Geisha.Engine.Audio.CSCore.UnitTests.csproj", "{6D96B4B0-1074-4374-8C30-3F1E46440F3B}"
EndProject
Project("{2150E333-8FDC-42A3-9474-1A3956D46DE8}") = "Platform Backends", "Platform Backends", "{9CFEED06-0D36-4B0A-9AFF-ABE0E9A68CCE}"
EndProject
Project("{FAE04EC0-301F-11D3-BF4B-00C04F79EFBC}") = "Geisha.Engine.Rendering.DirectX", "src\Geisha.Engine.Rendering.DirectX\Geisha.Engine.Rendering.DirectX.csproj", "{2C7BFA82-A9F9-4A6E-9109-1356654531F4}"
EndProject
Global
	GlobalSection(SolutionConfigurationPlatforms) = preSolution
		Debug|Any CPU = Debug|Any CPU
		Release|Any CPU = Release|Any CPU
	EndGlobalSection
	GlobalSection(ProjectConfigurationPlatforms) = postSolution
		{1616A21A-7C1A-4096-BD40-BA77B1628D0F}.Debug|Any CPU.ActiveCfg = Debug|Any CPU
		{1616A21A-7C1A-4096-BD40-BA77B1628D0F}.Debug|Any CPU.Build.0 = Debug|Any CPU
		{1616A21A-7C1A-4096-BD40-BA77B1628D0F}.Release|Any CPU.ActiveCfg = Release|Any CPU
		{1616A21A-7C1A-4096-BD40-BA77B1628D0F}.Release|Any CPU.Build.0 = Release|Any CPU
		{8C9B3A77-404D-44ED-8DC0-0FFC3C8428B5}.Debug|Any CPU.ActiveCfg = Debug|Any CPU
		{8C9B3A77-404D-44ED-8DC0-0FFC3C8428B5}.Debug|Any CPU.Build.0 = Debug|Any CPU
		{8C9B3A77-404D-44ED-8DC0-0FFC3C8428B5}.Release|Any CPU.ActiveCfg = Release|Any CPU
		{8C9B3A77-404D-44ED-8DC0-0FFC3C8428B5}.Release|Any CPU.Build.0 = Release|Any CPU
		{64F42F7B-F3BD-438F-BFCB-1E562EA8F135}.Debug|Any CPU.ActiveCfg = Debug|Any CPU
		{64F42F7B-F3BD-438F-BFCB-1E562EA8F135}.Debug|Any CPU.Build.0 = Debug|Any CPU
		{64F42F7B-F3BD-438F-BFCB-1E562EA8F135}.Release|Any CPU.ActiveCfg = Release|Any CPU
		{64F42F7B-F3BD-438F-BFCB-1E562EA8F135}.Release|Any CPU.Build.0 = Release|Any CPU
		{DEAAA4A7-BAD1-4714-A629-3439D649C2B1}.Debug|Any CPU.ActiveCfg = Debug|Any CPU
		{DEAAA4A7-BAD1-4714-A629-3439D649C2B1}.Debug|Any CPU.Build.0 = Debug|Any CPU
		{DEAAA4A7-BAD1-4714-A629-3439D649C2B1}.Release|Any CPU.ActiveCfg = Release|Any CPU
		{DEAAA4A7-BAD1-4714-A629-3439D649C2B1}.Release|Any CPU.Build.0 = Release|Any CPU
		{E637134D-C742-4612-B158-FA185A20A698}.Debug|Any CPU.ActiveCfg = Debug|Any CPU
		{E637134D-C742-4612-B158-FA185A20A698}.Debug|Any CPU.Build.0 = Debug|Any CPU
		{E637134D-C742-4612-B158-FA185A20A698}.Release|Any CPU.ActiveCfg = Release|Any CPU
		{E637134D-C742-4612-B158-FA185A20A698}.Release|Any CPU.Build.0 = Release|Any CPU
		{1466B2D1-9863-4700-8865-CF1EDBE5B5B8}.Debug|Any CPU.ActiveCfg = Debug|Any CPU
		{1466B2D1-9863-4700-8865-CF1EDBE5B5B8}.Debug|Any CPU.Build.0 = Debug|Any CPU
		{1466B2D1-9863-4700-8865-CF1EDBE5B5B8}.Release|Any CPU.ActiveCfg = Release|Any CPU
		{1466B2D1-9863-4700-8865-CF1EDBE5B5B8}.Release|Any CPU.Build.0 = Release|Any CPU
		{97C4EF3E-EEB2-49D6-991E-BC3AD1EF6D4F}.Debug|Any CPU.ActiveCfg = Debug|Any CPU
		{97C4EF3E-EEB2-49D6-991E-BC3AD1EF6D4F}.Debug|Any CPU.Build.0 = Debug|Any CPU
		{97C4EF3E-EEB2-49D6-991E-BC3AD1EF6D4F}.Release|Any CPU.ActiveCfg = Release|Any CPU
		{97C4EF3E-EEB2-49D6-991E-BC3AD1EF6D4F}.Release|Any CPU.Build.0 = Release|Any CPU
		{4A136DCD-E907-447A-A15E-11430E5A20FC}.Debug|Any CPU.ActiveCfg = Debug|Any CPU
		{4A136DCD-E907-447A-A15E-11430E5A20FC}.Debug|Any CPU.Build.0 = Debug|Any CPU
		{4A136DCD-E907-447A-A15E-11430E5A20FC}.Release|Any CPU.ActiveCfg = Release|Any CPU
		{4A136DCD-E907-447A-A15E-11430E5A20FC}.Release|Any CPU.Build.0 = Release|Any CPU
		{F69BA6DB-55A3-427E-9A1B-ABD32B83C5AD}.Debug|Any CPU.ActiveCfg = Debug|Any CPU
		{F69BA6DB-55A3-427E-9A1B-ABD32B83C5AD}.Debug|Any CPU.Build.0 = Debug|Any CPU
		{F69BA6DB-55A3-427E-9A1B-ABD32B83C5AD}.Release|Any CPU.ActiveCfg = Release|Any CPU
		{F69BA6DB-55A3-427E-9A1B-ABD32B83C5AD}.Release|Any CPU.Build.0 = Release|Any CPU
		{82085ABD-B264-48DA-8D98-7EC8E62D6E52}.Debug|Any CPU.ActiveCfg = Debug|Any CPU
		{82085ABD-B264-48DA-8D98-7EC8E62D6E52}.Debug|Any CPU.Build.0 = Debug|Any CPU
		{82085ABD-B264-48DA-8D98-7EC8E62D6E52}.Release|Any CPU.ActiveCfg = Release|Any CPU
		{82085ABD-B264-48DA-8D98-7EC8E62D6E52}.Release|Any CPU.Build.0 = Release|Any CPU
		{0C0C47F3-07F5-4347-B780-853D2DB9C19A}.Debug|Any CPU.ActiveCfg = Debug|Any CPU
		{0C0C47F3-07F5-4347-B780-853D2DB9C19A}.Debug|Any CPU.Build.0 = Debug|Any CPU
		{0C0C47F3-07F5-4347-B780-853D2DB9C19A}.Release|Any CPU.ActiveCfg = Release|Any CPU
		{0C0C47F3-07F5-4347-B780-853D2DB9C19A}.Release|Any CPU.Build.0 = Release|Any CPU
		{4BD54661-F7EE-4589-BF75-CA6DCE4F1795}.Debug|Any CPU.ActiveCfg = Debug|Any CPU
		{4BD54661-F7EE-4589-BF75-CA6DCE4F1795}.Debug|Any CPU.Build.0 = Debug|Any CPU
		{4BD54661-F7EE-4589-BF75-CA6DCE4F1795}.Release|Any CPU.ActiveCfg = Release|Any CPU
		{4BD54661-F7EE-4589-BF75-CA6DCE4F1795}.Release|Any CPU.Build.0 = Release|Any CPU
		{229674CA-2023-4DB6-8096-EF98CBC74C90}.Debug|Any CPU.ActiveCfg = Debug|Any CPU
		{229674CA-2023-4DB6-8096-EF98CBC74C90}.Debug|Any CPU.Build.0 = Debug|Any CPU
		{229674CA-2023-4DB6-8096-EF98CBC74C90}.Release|Any CPU.ActiveCfg = Release|Any CPU
		{229674CA-2023-4DB6-8096-EF98CBC74C90}.Release|Any CPU.Build.0 = Release|Any CPU
		{F73D43AF-5EC1-44CF-88D0-D72F07CF872B}.Debug|Any CPU.ActiveCfg = Debug|Any CPU
		{F73D43AF-5EC1-44CF-88D0-D72F07CF872B}.Debug|Any CPU.Build.0 = Debug|Any CPU
		{F73D43AF-5EC1-44CF-88D0-D72F07CF872B}.Release|Any CPU.ActiveCfg = Release|Any CPU
		{F73D43AF-5EC1-44CF-88D0-D72F07CF872B}.Release|Any CPU.Build.0 = Release|Any CPU
		{658E913B-2108-4503-8813-755E668C5134}.Debug|Any CPU.ActiveCfg = Debug|Any CPU
		{658E913B-2108-4503-8813-755E668C5134}.Debug|Any CPU.Build.0 = Debug|Any CPU
		{658E913B-2108-4503-8813-755E668C5134}.Release|Any CPU.ActiveCfg = Release|Any CPU
		{658E913B-2108-4503-8813-755E668C5134}.Release|Any CPU.Build.0 = Release|Any CPU
		{6D96B4B0-1074-4374-8C30-3F1E46440F3B}.Debug|Any CPU.ActiveCfg = Debug|Any CPU
		{6D96B4B0-1074-4374-8C30-3F1E46440F3B}.Debug|Any CPU.Build.0 = Debug|Any CPU
		{6D96B4B0-1074-4374-8C30-3F1E46440F3B}.Release|Any CPU.ActiveCfg = Release|Any CPU
		{6D96B4B0-1074-4374-8C30-3F1E46440F3B}.Release|Any CPU.Build.0 = Release|Any CPU
		{2C7BFA82-A9F9-4A6E-9109-1356654531F4}.Debug|Any CPU.ActiveCfg = Debug|Any CPU
		{2C7BFA82-A9F9-4A6E-9109-1356654531F4}.Debug|Any CPU.Build.0 = Debug|Any CPU
		{2C7BFA82-A9F9-4A6E-9109-1356654531F4}.Release|Any CPU.ActiveCfg = Release|Any CPU
		{2C7BFA82-A9F9-4A6E-9109-1356654531F4}.Release|Any CPU.Build.0 = Release|Any CPU
	EndGlobalSection
	GlobalSection(SolutionProperties) = preSolution
		HideSolutionNode = FALSE
	EndGlobalSection
	GlobalSection(NestedProjects) = preSolution
		{1616A21A-7C1A-4096-BD40-BA77B1628D0F} = {F4A69B41-BC71-44E1-8430-D26BC7B9DC51}
		{8C9B3A77-404D-44ED-8DC0-0FFC3C8428B5} = {56D09E7E-33BD-4A09-9E0D-C53A638DD2AB}
		{64F42F7B-F3BD-438F-BFCB-1E562EA8F135} = {56D09E7E-33BD-4A09-9E0D-C53A638DD2AB}
		{DEAAA4A7-BAD1-4714-A629-3439D649C2B1} = {56D09E7E-33BD-4A09-9E0D-C53A638DD2AB}
		{E637134D-C742-4612-B158-FA185A20A698} = {F4A69B41-BC71-44E1-8430-D26BC7B9DC51}
		{1466B2D1-9863-4700-8865-CF1EDBE5B5B8} = {56D09E7E-33BD-4A09-9E0D-C53A638DD2AB}
		{97C4EF3E-EEB2-49D6-991E-BC3AD1EF6D4F} = {F4A69B41-BC71-44E1-8430-D26BC7B9DC51}
		{4A136DCD-E907-447A-A15E-11430E5A20FC} = {56D09E7E-33BD-4A09-9E0D-C53A638DD2AB}
		{F69BA6DB-55A3-427E-9A1B-ABD32B83C5AD} = {56D09E7E-33BD-4A09-9E0D-C53A638DD2AB}
		{82085ABD-B264-48DA-8D98-7EC8E62D6E52} = {F4A69B41-BC71-44E1-8430-D26BC7B9DC51}
		{0C0C47F3-07F5-4347-B780-853D2DB9C19A} = {F4A69B41-BC71-44E1-8430-D26BC7B9DC51}
		{4BD54661-F7EE-4589-BF75-CA6DCE4F1795} = {F4A69B41-BC71-44E1-8430-D26BC7B9DC51}
		{229674CA-2023-4DB6-8096-EF98CBC74C90} = {56D09E7E-33BD-4A09-9E0D-C53A638DD2AB}
		{B320D86E-8CBB-482F-B480-9D4C49DFDEC5} = {F4A69B41-BC71-44E1-8430-D26BC7B9DC51}
		{F73D43AF-5EC1-44CF-88D0-D72F07CF872B} = {B320D86E-8CBB-482F-B480-9D4C49DFDEC5}
		{658E913B-2108-4503-8813-755E668C5134} = {B320D86E-8CBB-482F-B480-9D4C49DFDEC5}
		{6D96B4B0-1074-4374-8C30-3F1E46440F3B} = {9CFEED06-0D36-4B0A-9AFF-ABE0E9A68CCE}
		{9CFEED06-0D36-4B0A-9AFF-ABE0E9A68CCE} = {56D09E7E-33BD-4A09-9E0D-C53A638DD2AB}
		{2C7BFA82-A9F9-4A6E-9109-1356654531F4} = {B320D86E-8CBB-482F-B480-9D4C49DFDEC5}
	EndGlobalSection
	GlobalSection(ExtensibilityGlobals) = postSolution
		SolutionGuid = {857F207B-3363-49DE-A98D-5D8B6C23B3CD}
	EndGlobalSection
EndGlobal
