
Microsoft Visual Studio Solution File, Format Version 12.00
# Visual Studio Version 16
VisualStudioVersion = 16.0.28917.181
MinimumVisualStudioVersion = 10.0.40219.1
Project("{2150E333-8FDC-42A3-9474-1A3956D46DE8}") = "src", "src", "{F4A69B41-BC71-44E1-8430-D26BC7B9DC51}"
EndProject
Project("{2150E333-8FDC-42A3-9474-1A3956D46DE8}") = "test", "test", "{56D09E7E-33BD-4A09-9E0D-C53A638DD2AB}"
EndProject
Project("{2150E333-8FDC-42A3-9474-1A3956D46DE8}") = "Backends", "Backends", "{B320D86E-8CBB-482F-B480-9D4C49DFDEC5}"
EndProject
Project("{2150E333-8FDC-42A3-9474-1A3956D46DE8}") = "Backends", "Backends", "{9CFEED06-0D36-4B0A-9AFF-ABE0E9A68CCE}"
EndProject
Project("{9A19103F-16F7-4668-BE54-9A1E7A4F7556}") = "Geisha.Common", "src\Geisha.Common\Geisha.Common.csproj", "{F8C94D16-DECE-4D83-BFDC-D880EBB42BF3}"
EndProject
Project("{9A19103F-16F7-4668-BE54-9A1E7A4F7556}") = "Geisha.Common.UnitTests", "test\Geisha.Common.UnitTests\Geisha.Common.UnitTests.csproj", "{C3856B70-35DA-4CDA-AFEC-BD4526883D63}"
EndProject
Project("{9A19103F-16F7-4668-BE54-9A1E7A4F7556}") = "Geisha.Common.IntegrationTests", "test\Geisha.Common.IntegrationTests\Geisha.Common.IntegrationTests.csproj", "{A901B648-390E-4DFE-BBE9-43C913B7423B}"
EndProject
Project("{9A19103F-16F7-4668-BE54-9A1E7A4F7556}") = "Geisha.Engine", "src\Geisha.Engine\Geisha.Engine.csproj", "{16DB01B2-5F24-4E04-B56F-1678513D04CE}"
EndProject
Project("{9A19103F-16F7-4668-BE54-9A1E7A4F7556}") = "Geisha.Engine.UnitTests", "test\Geisha.Engine.UnitTests\Geisha.Engine.UnitTests.csproj", "{301EC418-D2DD-40E5-A159-4B6AD5813C9D}"
EndProject
Project("{9A19103F-16F7-4668-BE54-9A1E7A4F7556}") = "Geisha.IntegrationTestsData", "test\Geisha.IntegrationTestsData\Geisha.IntegrationTestsData.csproj", "{5047F356-6E64-472E-91F3-CC1F3CC2D7E0}"
EndProject
Project("{9A19103F-16F7-4668-BE54-9A1E7A4F7556}") = "Geisha.Engine.Audio.CSCore", "src\Geisha.Engine.Audio.CSCore\Geisha.Engine.Audio.CSCore.csproj", "{E41BE382-1689-4783-9993-C9CD30968EE0}"
EndProject
Project("{9A19103F-16F7-4668-BE54-9A1E7A4F7556}") = "Geisha.Engine.Audio.CSCore.UnitTests", "test\Geisha.Engine.Audio.CSCore.UnitTests\Geisha.Engine.Audio.CSCore.UnitTests.csproj", "{9CD18AE0-8C4A-4E53-BE18-C74C5D2F2D7D}"
EndProject
Project("{9A19103F-16F7-4668-BE54-9A1E7A4F7556}") = "Geisha.Engine.Input.Windows", "src\Geisha.Engine.Input.Windows\Geisha.Engine.Input.Windows.csproj", "{82EBA653-5674-49E3-9CB0-EE5908FB3F32}"
EndProject
Project("{9A19103F-16F7-4668-BE54-9A1E7A4F7556}") = "Geisha.Engine.Rendering.DirectX", "src\Geisha.Engine.Rendering.DirectX\Geisha.Engine.Rendering.DirectX.csproj", "{C3063E8A-19E3-400C-8B1E-AA47CD3E4B2D}"
EndProject
Project("{9A19103F-16F7-4668-BE54-9A1E7A4F7556}") = "Geisha.Engine.IntegrationTests", "test\Geisha.Engine.IntegrationTests\Geisha.Engine.IntegrationTests.csproj", "{58A5AA38-3989-47B1-B217-34314DDE32E4}"
EndProject
Project("{9A19103F-16F7-4668-BE54-9A1E7A4F7556}") = "Geisha.Editor", "src\Geisha.Editor\Geisha.Editor.csproj", "{6A618325-23C5-464E-9FA2-55B7171B53E9}"
EndProject
Project("{9A19103F-16F7-4668-BE54-9A1E7A4F7556}") = "Geisha.Editor.UnitTests", "test\Geisha.Editor.UnitTests\Geisha.Editor.UnitTests.csproj", "{4F853481-8634-4ADE-BFF9-DBDCFCA127E8}"
EndProject
Project("{9A19103F-16F7-4668-BE54-9A1E7A4F7556}") = "Geisha.Editor.IntegrationTests", "test\Geisha.Editor.IntegrationTests\Geisha.Editor.IntegrationTests.csproj", "{7016479C-BD60-404C-BCCA-D01B9DD43147}"
EndProject
Project("{2150E333-8FDC-42A3-9474-1A3956D46DE8}") = "sandbox", "sandbox", "{0D212634-B483-4FE6-82D6-768F50A4F30F}"
EndProject
Project("{2150E333-8FDC-42A3-9474-1A3956D46DE8}") = "Platform", "Platform", "{BABB165B-27AC-4831-9102-F62BF3B30D66}"
EndProject
Project("{9A19103F-16F7-4668-BE54-9A1E7A4F7556}") = "Geisha.Engine.Windows", "src\Geisha.Engine.Windows\Geisha.Engine.Windows.csproj", "{8F20AAE5-6FB7-441C-956C-482728561494}"
EndProject
Project("{9A19103F-16F7-4668-BE54-9A1E7A4F7556}") = "Sandbox", "sandbox\Sandbox\Sandbox.csproj", "{7F1BD4BB-1EDC-4408-93C9-A7603B153D56}"
EndProject
Project("{9A19103F-16F7-4668-BE54-9A1E7A4F7556}") = "Geisha.TestUtils", "test\Geisha.TestUtils\Geisha.TestUtils.csproj", "{F0171EA8-66C2-439E-9FD1-1B2B19C4A140}"
EndProject
Project("{9A19103F-16F7-4668-BE54-9A1E7A4F7556}") = "Geisha.Cli", "src\Geisha.Cli\Geisha.Cli.csproj", "{09953561-5D0C-4388-AB72-753CE3E267A3}"
EndProject
Project("{9A19103F-16F7-4668-BE54-9A1E7A4F7556}") = "Geisha.Tools", "src\Geisha.Tools\Geisha.Tools.csproj", "{061FF476-B74E-4675-8BC7-2259377F25AC}"
EndProject
Project("{FAE04EC0-301F-11D3-BF4B-00C04F79EFBC}") = "Geisha.Tools.UnitTests", "test\Geisha.Tools.UnitTests\Geisha.Tools.UnitTests.csproj", "{A5ECB54D-C59D-4A61-B53F-B7EC97D323AE}"
EndProject
Project("{FAE04EC0-301F-11D3-BF4B-00C04F79EFBC}") = "Geisha.Tools.IntegrationTests", "test\Geisha.Tools.IntegrationTests\Geisha.Tools.IntegrationTests.csproj", "{2BF2D7AE-CA9A-4706-8DA2-4F2E89066C5A}"
EndProject
Project("{FAE04EC0-301F-11D3-BF4B-00C04F79EFBC}") = "Geisha.Cli.IntegrationTests", "test\Geisha.Cli.IntegrationTests\Geisha.Cli.IntegrationTests.csproj", "{A0EEE81D-7543-496C-80FB-4260A2EF812A}"
EndProject
Global
	GlobalSection(SolutionConfigurationPlatforms) = preSolution
		Debug|Any CPU = Debug|Any CPU
		Release|Any CPU = Release|Any CPU
	EndGlobalSection
	GlobalSection(ProjectConfigurationPlatforms) = postSolution
		{F8C94D16-DECE-4D83-BFDC-D880EBB42BF3}.Debug|Any CPU.ActiveCfg = Debug|Any CPU
		{F8C94D16-DECE-4D83-BFDC-D880EBB42BF3}.Debug|Any CPU.Build.0 = Debug|Any CPU
		{F8C94D16-DECE-4D83-BFDC-D880EBB42BF3}.Release|Any CPU.ActiveCfg = Release|Any CPU
		{F8C94D16-DECE-4D83-BFDC-D880EBB42BF3}.Release|Any CPU.Build.0 = Release|Any CPU
		{C3856B70-35DA-4CDA-AFEC-BD4526883D63}.Debug|Any CPU.ActiveCfg = Debug|Any CPU
		{C3856B70-35DA-4CDA-AFEC-BD4526883D63}.Debug|Any CPU.Build.0 = Debug|Any CPU
		{C3856B70-35DA-4CDA-AFEC-BD4526883D63}.Release|Any CPU.ActiveCfg = Release|Any CPU
		{C3856B70-35DA-4CDA-AFEC-BD4526883D63}.Release|Any CPU.Build.0 = Release|Any CPU
		{A901B648-390E-4DFE-BBE9-43C913B7423B}.Debug|Any CPU.ActiveCfg = Debug|Any CPU
		{A901B648-390E-4DFE-BBE9-43C913B7423B}.Debug|Any CPU.Build.0 = Debug|Any CPU
		{A901B648-390E-4DFE-BBE9-43C913B7423B}.Release|Any CPU.ActiveCfg = Release|Any CPU
		{A901B648-390E-4DFE-BBE9-43C913B7423B}.Release|Any CPU.Build.0 = Release|Any CPU
		{16DB01B2-5F24-4E04-B56F-1678513D04CE}.Debug|Any CPU.ActiveCfg = Debug|Any CPU
		{16DB01B2-5F24-4E04-B56F-1678513D04CE}.Debug|Any CPU.Build.0 = Debug|Any CPU
		{16DB01B2-5F24-4E04-B56F-1678513D04CE}.Release|Any CPU.ActiveCfg = Release|Any CPU
		{16DB01B2-5F24-4E04-B56F-1678513D04CE}.Release|Any CPU.Build.0 = Release|Any CPU
		{301EC418-D2DD-40E5-A159-4B6AD5813C9D}.Debug|Any CPU.ActiveCfg = Debug|Any CPU
		{301EC418-D2DD-40E5-A159-4B6AD5813C9D}.Debug|Any CPU.Build.0 = Debug|Any CPU
		{301EC418-D2DD-40E5-A159-4B6AD5813C9D}.Release|Any CPU.ActiveCfg = Release|Any CPU
		{301EC418-D2DD-40E5-A159-4B6AD5813C9D}.Release|Any CPU.Build.0 = Release|Any CPU
		{5047F356-6E64-472E-91F3-CC1F3CC2D7E0}.Debug|Any CPU.ActiveCfg = Debug|Any CPU
		{5047F356-6E64-472E-91F3-CC1F3CC2D7E0}.Debug|Any CPU.Build.0 = Debug|Any CPU
		{5047F356-6E64-472E-91F3-CC1F3CC2D7E0}.Release|Any CPU.ActiveCfg = Release|Any CPU
		{5047F356-6E64-472E-91F3-CC1F3CC2D7E0}.Release|Any CPU.Build.0 = Release|Any CPU
		{E41BE382-1689-4783-9993-C9CD30968EE0}.Debug|Any CPU.ActiveCfg = Debug|Any CPU
		{E41BE382-1689-4783-9993-C9CD30968EE0}.Debug|Any CPU.Build.0 = Debug|Any CPU
		{E41BE382-1689-4783-9993-C9CD30968EE0}.Release|Any CPU.ActiveCfg = Release|Any CPU
		{E41BE382-1689-4783-9993-C9CD30968EE0}.Release|Any CPU.Build.0 = Release|Any CPU
		{9CD18AE0-8C4A-4E53-BE18-C74C5D2F2D7D}.Debug|Any CPU.ActiveCfg = Debug|Any CPU
		{9CD18AE0-8C4A-4E53-BE18-C74C5D2F2D7D}.Debug|Any CPU.Build.0 = Debug|Any CPU
		{9CD18AE0-8C4A-4E53-BE18-C74C5D2F2D7D}.Release|Any CPU.ActiveCfg = Release|Any CPU
		{9CD18AE0-8C4A-4E53-BE18-C74C5D2F2D7D}.Release|Any CPU.Build.0 = Release|Any CPU
		{82EBA653-5674-49E3-9CB0-EE5908FB3F32}.Debug|Any CPU.ActiveCfg = Debug|Any CPU
		{82EBA653-5674-49E3-9CB0-EE5908FB3F32}.Debug|Any CPU.Build.0 = Debug|Any CPU
		{82EBA653-5674-49E3-9CB0-EE5908FB3F32}.Release|Any CPU.ActiveCfg = Release|Any CPU
		{82EBA653-5674-49E3-9CB0-EE5908FB3F32}.Release|Any CPU.Build.0 = Release|Any CPU
		{C3063E8A-19E3-400C-8B1E-AA47CD3E4B2D}.Debug|Any CPU.ActiveCfg = Debug|Any CPU
		{C3063E8A-19E3-400C-8B1E-AA47CD3E4B2D}.Debug|Any CPU.Build.0 = Debug|Any CPU
		{C3063E8A-19E3-400C-8B1E-AA47CD3E4B2D}.Release|Any CPU.ActiveCfg = Release|Any CPU
		{C3063E8A-19E3-400C-8B1E-AA47CD3E4B2D}.Release|Any CPU.Build.0 = Release|Any CPU
		{58A5AA38-3989-47B1-B217-34314DDE32E4}.Debug|Any CPU.ActiveCfg = Debug|Any CPU
		{58A5AA38-3989-47B1-B217-34314DDE32E4}.Debug|Any CPU.Build.0 = Debug|Any CPU
		{58A5AA38-3989-47B1-B217-34314DDE32E4}.Release|Any CPU.ActiveCfg = Release|Any CPU
		{58A5AA38-3989-47B1-B217-34314DDE32E4}.Release|Any CPU.Build.0 = Release|Any CPU
		{6A618325-23C5-464E-9FA2-55B7171B53E9}.Debug|Any CPU.ActiveCfg = Debug|Any CPU
		{6A618325-23C5-464E-9FA2-55B7171B53E9}.Debug|Any CPU.Build.0 = Debug|Any CPU
		{6A618325-23C5-464E-9FA2-55B7171B53E9}.Release|Any CPU.ActiveCfg = Release|Any CPU
		{6A618325-23C5-464E-9FA2-55B7171B53E9}.Release|Any CPU.Build.0 = Release|Any CPU
		{4F853481-8634-4ADE-BFF9-DBDCFCA127E8}.Debug|Any CPU.ActiveCfg = Debug|Any CPU
		{4F853481-8634-4ADE-BFF9-DBDCFCA127E8}.Debug|Any CPU.Build.0 = Debug|Any CPU
		{4F853481-8634-4ADE-BFF9-DBDCFCA127E8}.Release|Any CPU.ActiveCfg = Release|Any CPU
		{4F853481-8634-4ADE-BFF9-DBDCFCA127E8}.Release|Any CPU.Build.0 = Release|Any CPU
		{7016479C-BD60-404C-BCCA-D01B9DD43147}.Debug|Any CPU.ActiveCfg = Debug|Any CPU
		{7016479C-BD60-404C-BCCA-D01B9DD43147}.Debug|Any CPU.Build.0 = Debug|Any CPU
		{7016479C-BD60-404C-BCCA-D01B9DD43147}.Release|Any CPU.ActiveCfg = Release|Any CPU
		{7016479C-BD60-404C-BCCA-D01B9DD43147}.Release|Any CPU.Build.0 = Release|Any CPU
		{8F20AAE5-6FB7-441C-956C-482728561494}.Debug|Any CPU.ActiveCfg = Debug|Any CPU
		{8F20AAE5-6FB7-441C-956C-482728561494}.Debug|Any CPU.Build.0 = Debug|Any CPU
		{8F20AAE5-6FB7-441C-956C-482728561494}.Release|Any CPU.ActiveCfg = Release|Any CPU
		{8F20AAE5-6FB7-441C-956C-482728561494}.Release|Any CPU.Build.0 = Release|Any CPU
		{7F1BD4BB-1EDC-4408-93C9-A7603B153D56}.Debug|Any CPU.ActiveCfg = Debug|Any CPU
		{7F1BD4BB-1EDC-4408-93C9-A7603B153D56}.Debug|Any CPU.Build.0 = Debug|Any CPU
		{7F1BD4BB-1EDC-4408-93C9-A7603B153D56}.Release|Any CPU.ActiveCfg = Release|Any CPU
		{7F1BD4BB-1EDC-4408-93C9-A7603B153D56}.Release|Any CPU.Build.0 = Release|Any CPU
		{F0171EA8-66C2-439E-9FD1-1B2B19C4A140}.Debug|Any CPU.ActiveCfg = Debug|Any CPU
		{F0171EA8-66C2-439E-9FD1-1B2B19C4A140}.Debug|Any CPU.Build.0 = Debug|Any CPU
		{F0171EA8-66C2-439E-9FD1-1B2B19C4A140}.Release|Any CPU.ActiveCfg = Release|Any CPU
		{F0171EA8-66C2-439E-9FD1-1B2B19C4A140}.Release|Any CPU.Build.0 = Release|Any CPU
		{09953561-5D0C-4388-AB72-753CE3E267A3}.Debug|Any CPU.ActiveCfg = Debug|Any CPU
		{09953561-5D0C-4388-AB72-753CE3E267A3}.Debug|Any CPU.Build.0 = Debug|Any CPU
		{09953561-5D0C-4388-AB72-753CE3E267A3}.Release|Any CPU.ActiveCfg = Release|Any CPU
		{09953561-5D0C-4388-AB72-753CE3E267A3}.Release|Any CPU.Build.0 = Release|Any CPU
		{061FF476-B74E-4675-8BC7-2259377F25AC}.Debug|Any CPU.ActiveCfg = Debug|Any CPU
		{061FF476-B74E-4675-8BC7-2259377F25AC}.Debug|Any CPU.Build.0 = Debug|Any CPU
		{061FF476-B74E-4675-8BC7-2259377F25AC}.Release|Any CPU.ActiveCfg = Release|Any CPU
		{061FF476-B74E-4675-8BC7-2259377F25AC}.Release|Any CPU.Build.0 = Release|Any CPU
		{A5ECB54D-C59D-4A61-B53F-B7EC97D323AE}.Debug|Any CPU.ActiveCfg = Debug|Any CPU
		{A5ECB54D-C59D-4A61-B53F-B7EC97D323AE}.Debug|Any CPU.Build.0 = Debug|Any CPU
		{A5ECB54D-C59D-4A61-B53F-B7EC97D323AE}.Release|Any CPU.ActiveCfg = Release|Any CPU
		{A5ECB54D-C59D-4A61-B53F-B7EC97D323AE}.Release|Any CPU.Build.0 = Release|Any CPU
		{2BF2D7AE-CA9A-4706-8DA2-4F2E89066C5A}.Debug|Any CPU.ActiveCfg = Debug|Any CPU
		{2BF2D7AE-CA9A-4706-8DA2-4F2E89066C5A}.Debug|Any CPU.Build.0 = Debug|Any CPU
		{2BF2D7AE-CA9A-4706-8DA2-4F2E89066C5A}.Release|Any CPU.ActiveCfg = Release|Any CPU
		{2BF2D7AE-CA9A-4706-8DA2-4F2E89066C5A}.Release|Any CPU.Build.0 = Release|Any CPU
		{A0EEE81D-7543-496C-80FB-4260A2EF812A}.Debug|Any CPU.ActiveCfg = Debug|Any CPU
		{A0EEE81D-7543-496C-80FB-4260A2EF812A}.Debug|Any CPU.Build.0 = Debug|Any CPU
		{A0EEE81D-7543-496C-80FB-4260A2EF812A}.Release|Any CPU.ActiveCfg = Release|Any CPU
		{A0EEE81D-7543-496C-80FB-4260A2EF812A}.Release|Any CPU.Build.0 = Release|Any CPU
	EndGlobalSection
	GlobalSection(SolutionProperties) = preSolution
		HideSolutionNode = FALSE
	EndGlobalSection
	GlobalSection(NestedProjects) = preSolution
		{B320D86E-8CBB-482F-B480-9D4C49DFDEC5} = {F4A69B41-BC71-44E1-8430-D26BC7B9DC51}
		{9CFEED06-0D36-4B0A-9AFF-ABE0E9A68CCE} = {56D09E7E-33BD-4A09-9E0D-C53A638DD2AB}
		{F8C94D16-DECE-4D83-BFDC-D880EBB42BF3} = {F4A69B41-BC71-44E1-8430-D26BC7B9DC51}
		{C3856B70-35DA-4CDA-AFEC-BD4526883D63} = {56D09E7E-33BD-4A09-9E0D-C53A638DD2AB}
		{A901B648-390E-4DFE-BBE9-43C913B7423B} = {56D09E7E-33BD-4A09-9E0D-C53A638DD2AB}
		{16DB01B2-5F24-4E04-B56F-1678513D04CE} = {F4A69B41-BC71-44E1-8430-D26BC7B9DC51}
		{301EC418-D2DD-40E5-A159-4B6AD5813C9D} = {56D09E7E-33BD-4A09-9E0D-C53A638DD2AB}
		{5047F356-6E64-472E-91F3-CC1F3CC2D7E0} = {56D09E7E-33BD-4A09-9E0D-C53A638DD2AB}
		{E41BE382-1689-4783-9993-C9CD30968EE0} = {B320D86E-8CBB-482F-B480-9D4C49DFDEC5}
		{9CD18AE0-8C4A-4E53-BE18-C74C5D2F2D7D} = {9CFEED06-0D36-4B0A-9AFF-ABE0E9A68CCE}
		{82EBA653-5674-49E3-9CB0-EE5908FB3F32} = {B320D86E-8CBB-482F-B480-9D4C49DFDEC5}
		{C3063E8A-19E3-400C-8B1E-AA47CD3E4B2D} = {B320D86E-8CBB-482F-B480-9D4C49DFDEC5}
		{58A5AA38-3989-47B1-B217-34314DDE32E4} = {56D09E7E-33BD-4A09-9E0D-C53A638DD2AB}
		{6A618325-23C5-464E-9FA2-55B7171B53E9} = {F4A69B41-BC71-44E1-8430-D26BC7B9DC51}
		{4F853481-8634-4ADE-BFF9-DBDCFCA127E8} = {56D09E7E-33BD-4A09-9E0D-C53A638DD2AB}
		{7016479C-BD60-404C-BCCA-D01B9DD43147} = {56D09E7E-33BD-4A09-9E0D-C53A638DD2AB}
		{BABB165B-27AC-4831-9102-F62BF3B30D66} = {F4A69B41-BC71-44E1-8430-D26BC7B9DC51}
		{8F20AAE5-6FB7-441C-956C-482728561494} = {BABB165B-27AC-4831-9102-F62BF3B30D66}
		{7F1BD4BB-1EDC-4408-93C9-A7603B153D56} = {0D212634-B483-4FE6-82D6-768F50A4F30F}
		{F0171EA8-66C2-439E-9FD1-1B2B19C4A140} = {56D09E7E-33BD-4A09-9E0D-C53A638DD2AB}
		{09953561-5D0C-4388-AB72-753CE3E267A3} = {F4A69B41-BC71-44E1-8430-D26BC7B9DC51}
		{061FF476-B74E-4675-8BC7-2259377F25AC} = {F4A69B41-BC71-44E1-8430-D26BC7B9DC51}
		{A5ECB54D-C59D-4A61-B53F-B7EC97D323AE} = {56D09E7E-33BD-4A09-9E0D-C53A638DD2AB}
		{2BF2D7AE-CA9A-4706-8DA2-4F2E89066C5A} = {56D09E7E-33BD-4A09-9E0D-C53A638DD2AB}
		{A0EEE81D-7543-496C-80FB-4260A2EF812A} = {56D09E7E-33BD-4A09-9E0D-C53A638DD2AB}
	EndGlobalSection
	GlobalSection(ExtensibilityGlobals) = postSolution
		SolutionGuid = {857F207B-3363-49DE-A98D-5D8B6C23B3CD}
	EndGlobalSection
EndGlobal
