
Microsoft Visual Studio Solution File, Format Version 12.00
# Visual Studio 15
VisualStudioVersion = 15.0.26730.16
MinimumVisualStudioVersion = 10.0.40219.1
Project("{2150E333-8FDC-42A3-9474-1A3956D46DE8}") = "Framework", "Framework", "{ECAC095F-CC65-4B7B-BC90-34B6C78C7B9A}"
EndProject
Project("{2150E333-8FDC-42A3-9474-1A3956D46DE8}") = "Rendering", "Rendering", "{53AD445E-F7EB-48B8-8469-BEB59B949F01}"
EndProject
Project("{FAE04EC0-301F-11D3-BF4B-00C04F79EFBC}") = "Geisha.Framework.Rendering", "Framework\Rendering\Geisha.Framework.Rendering\Geisha.Framework.Rendering.csproj", "{1F7C6763-2E88-4B59-8F9F-5343F1B054BA}"
EndProject
Project("{FAE04EC0-301F-11D3-BF4B-00C04F79EFBC}") = "Geisha.Framework.Rendering.Gdi", "Framework\Rendering\Geisha.Framework.Rendering.Gdi\Geisha.Framework.Rendering.Gdi.csproj", "{B3946B10-51DB-4596-8B05-F76D637ADDE4}"
EndProject
Project("{2150E333-8FDC-42A3-9474-1A3956D46DE8}") = "Input", "Input", "{89A2AAD0-BE0D-4D00-AA0C-06C74AA6A884}"
EndProject
Project("{FAE04EC0-301F-11D3-BF4B-00C04F79EFBC}") = "Geisha.Framework.Input.Wpf", "Framework\Input\Geisha.Framework.Input.Wpf\Geisha.Framework.Input.Wpf.csproj", "{4A955E08-1262-4DC4-8C12-7A3490A585C9}"
EndProject
Project("{FAE04EC0-301F-11D3-BF4B-00C04F79EFBC}") = "Geisha.Framework.Input", "Framework\Input\Geisha.Framework.Input\Geisha.Framework.Input.csproj", "{C2329626-DEC6-4C3C-A78C-42B77B1675FD}"
EndProject
Project("{2150E333-8FDC-42A3-9474-1A3956D46DE8}") = "Engine", "Engine", "{BBE3BF4A-3FB8-4AF6-949B-C609D7C50093}"
EndProject
Project("{2150E333-8FDC-42A3-9474-1A3956D46DE8}") = "Common", "Common", "{8A53D822-CC46-41C2-B5F0-DCCBDB68977C}"
EndProject
Project("{FAE04EC0-301F-11D3-BF4B-00C04F79EFBC}") = "Geisha.Common", "Common\Geisha.Common\Geisha.Common.csproj", "{1616A21A-7C1A-4096-BD40-BA77B1628D0F}"
EndProject
Project("{FAE04EC0-301F-11D3-BF4B-00C04F79EFBC}") = "Geisha.Common.UnitTests", "Common\Geisha.Common.UnitTests\Geisha.Common.UnitTests.csproj", "{64F42F7B-F3BD-438F-BFCB-1E562EA8F135}"
EndProject
Project("{FAE04EC0-301F-11D3-BF4B-00C04F79EFBC}") = "Geisha.ManualPerformanceTests", "Geisha.ManualPerformanceTests\Geisha.ManualPerformanceTests.csproj", "{96994B88-5013-4E3A-8E0B-3523DA0F5966}"
EndProject
Project("{2150E333-8FDC-42A3-9474-1A3956D46DE8}") = "Rendering", "Rendering", "{73E0D9F1-61BB-494C-BA61-CF6A8C5B7306}"
EndProject
Project("{FAE04EC0-301F-11D3-BF4B-00C04F79EFBC}") = "Geisha.Engine.Rendering", "Engine\Rendering\Geisha.Engine.Rendering\Geisha.Engine.Rendering.csproj", "{3FCEFECD-BACD-4DBE-AA04-962A4DB78202}"
EndProject
Project("{FAE04EC0-301F-11D3-BF4B-00C04F79EFBC}") = "Geisha.Engine.Rendering.UnitTests", "Engine\Rendering\Geisha.Engine.Rendering.UnitTests\Geisha.Engine.Rendering.UnitTests.csproj", "{5374F6FC-32F4-4D3C-9E09-D084F8519C98}"
EndProject
Project("{2150E333-8FDC-42A3-9474-1A3956D46DE8}") = "Launcher", "Launcher", "{6051BE41-C25F-4B8F-A1C3-4DE86179D8DD}"
EndProject
Project("{FAE04EC0-301F-11D3-BF4B-00C04F79EFBC}") = "Geisha.Framework.Rendering.UnitTests", "Framework\Rendering\Geisha.Framework.Rendering.UnitTests\Geisha.Framework.Rendering.UnitTests.csproj", "{978E9553-B549-447E-9B09-1463CA8470B1}"
EndProject
Project("{2150E333-8FDC-42A3-9474-1A3956D46DE8}") = "Input", "Input", "{7E01573E-AA51-4A0E-B973-9C29FBEDAF21}"
EndProject
Project("{FAE04EC0-301F-11D3-BF4B-00C04F79EFBC}") = "Geisha.Engine.Input", "Engine\Input\Geisha.Engine.Input\Geisha.Engine.Input.csproj", "{8385CE2A-33AE-4214-85EA-E2156A2D87D7}"
EndProject
Project("{FAE04EC0-301F-11D3-BF4B-00C04F79EFBC}") = "Geisha.Engine.Input.UnitTests", "Engine\Input\Geisha.Engine.Input.UnitTests\Geisha.Engine.Input.UnitTests.csproj", "{F6651AFB-74CC-4795-BBA2-AA61B58AFA13}"
EndProject
Project("{FAE04EC0-301F-11D3-BF4B-00C04F79EFBC}") = "Geisha.TestGame", "Geisha.TestGame\Geisha.TestGame.csproj", "{0C0C47F3-07F5-4347-B780-853D2DB9C19A}"
EndProject
Project("{FAE04EC0-301F-11D3-BF4B-00C04F79EFBC}") = "Geisha.Engine.Launcher.WindowsForms", "Engine\Launcher\Geisha.Engine.Launcher.WindowsForms\Geisha.Engine.Launcher.WindowsForms.csproj", "{F405F60B-B34B-4C99-9256-828E667BAB45}"
EndProject
Project("{2150E333-8FDC-42A3-9474-1A3956D46DE8}") = "Core", "Core", "{383B4F99-6576-48DF-A266-40267600883B}"
EndProject
Project("{FAE04EC0-301F-11D3-BF4B-00C04F79EFBC}") = "Geisha.Engine.Core", "Engine\Core\Geisha.Engine.Core\Geisha.Engine.Core.csproj", "{409C2830-124C-45CC-9B33-8CDF4342B79E}"
EndProject
Project("{FAE04EC0-301F-11D3-BF4B-00C04F79EFBC}") = "Geisha.Engine.Core.UnitTests", "Engine\Core\Geisha.Engine.Core.UnitTests\Geisha.Engine.Core.UnitTests.csproj", "{508DE108-5C66-4E2B-A532-49EC5461EADE}"
EndProject
Project("{2150E333-8FDC-42A3-9474-1A3956D46DE8}") = "FileSystem", "FileSystem", "{AAEFD416-E241-4212-9C3B-773B59642D4D}"
EndProject
Project("{FAE04EC0-301F-11D3-BF4B-00C04F79EFBC}") = "Geisha.Framework.FileSystem", "Framework\FileSystem\Geisha.Framework.FileSystem\Geisha.Framework.FileSystem.csproj", "{E637134D-C742-4612-B158-FA185A20A698}"
EndProject
Project("{2150E333-8FDC-42A3-9474-1A3956D46DE8}") = "Editor", "Editor", "{AE3A4280-D4CD-4A5D-9FB5-8D91C23F75D7}"
EndProject
Project("{2150E333-8FDC-42A3-9474-1A3956D46DE8}") = "Core", "Core", "{E00230B8-07F6-4FF1-8A69-C4F9E740E0AC}"
EndProject
Project("{FAE04EC0-301F-11D3-BF4B-00C04F79EFBC}") = "Geisha.Editor.Core", "Editor\Core\Geisha.Editor.Core\Geisha.Editor.Core.csproj", "{E9C44543-2F58-4BC1-A5AA-CAAA199DBD94}"
EndProject
Project("{FAE04EC0-301F-11D3-BF4B-00C04F79EFBC}") = "Geisha.Editor.Core.UnitTests", "Editor\Core\Geisha.Editor.Core.UnitTests\Geisha.Editor.Core.UnitTests.csproj", "{1B295212-8650-4712-B68B-0EECCBD367C7}"
EndProject
Project("{FAE04EC0-301F-11D3-BF4B-00C04F79EFBC}") = "Geisha.Framework.Input.Wpf.UnitTests", "Framework\Input\Geisha.Framework.Input.Wpf.UnitTests\Geisha.Framework.Input.Wpf.UnitTests.csproj", "{C8074DE5-C4F9-4229-8A13-2322C9205B63}"
EndProject
Global
	GlobalSection(SolutionConfigurationPlatforms) = preSolution
		Debug|Any CPU = Debug|Any CPU
		Release|Any CPU = Release|Any CPU
	EndGlobalSection
	GlobalSection(ProjectConfigurationPlatforms) = postSolution
		{1F7C6763-2E88-4B59-8F9F-5343F1B054BA}.Debug|Any CPU.ActiveCfg = Debug|Any CPU
		{1F7C6763-2E88-4B59-8F9F-5343F1B054BA}.Debug|Any CPU.Build.0 = Debug|Any CPU
		{1F7C6763-2E88-4B59-8F9F-5343F1B054BA}.Release|Any CPU.ActiveCfg = Release|Any CPU
		{1F7C6763-2E88-4B59-8F9F-5343F1B054BA}.Release|Any CPU.Build.0 = Release|Any CPU
		{B3946B10-51DB-4596-8B05-F76D637ADDE4}.Debug|Any CPU.ActiveCfg = Debug|Any CPU
		{B3946B10-51DB-4596-8B05-F76D637ADDE4}.Debug|Any CPU.Build.0 = Debug|Any CPU
		{B3946B10-51DB-4596-8B05-F76D637ADDE4}.Release|Any CPU.ActiveCfg = Release|Any CPU
		{B3946B10-51DB-4596-8B05-F76D637ADDE4}.Release|Any CPU.Build.0 = Release|Any CPU
		{4A955E08-1262-4DC4-8C12-7A3490A585C9}.Debug|Any CPU.ActiveCfg = Debug|Any CPU
		{4A955E08-1262-4DC4-8C12-7A3490A585C9}.Debug|Any CPU.Build.0 = Debug|Any CPU
		{4A955E08-1262-4DC4-8C12-7A3490A585C9}.Release|Any CPU.ActiveCfg = Release|Any CPU
		{4A955E08-1262-4DC4-8C12-7A3490A585C9}.Release|Any CPU.Build.0 = Release|Any CPU
		{C2329626-DEC6-4C3C-A78C-42B77B1675FD}.Debug|Any CPU.ActiveCfg = Debug|Any CPU
		{C2329626-DEC6-4C3C-A78C-42B77B1675FD}.Debug|Any CPU.Build.0 = Debug|Any CPU
		{C2329626-DEC6-4C3C-A78C-42B77B1675FD}.Release|Any CPU.ActiveCfg = Release|Any CPU
		{C2329626-DEC6-4C3C-A78C-42B77B1675FD}.Release|Any CPU.Build.0 = Release|Any CPU
		{1616A21A-7C1A-4096-BD40-BA77B1628D0F}.Debug|Any CPU.ActiveCfg = Debug|Any CPU
		{1616A21A-7C1A-4096-BD40-BA77B1628D0F}.Debug|Any CPU.Build.0 = Debug|Any CPU
		{1616A21A-7C1A-4096-BD40-BA77B1628D0F}.Release|Any CPU.ActiveCfg = Release|Any CPU
		{1616A21A-7C1A-4096-BD40-BA77B1628D0F}.Release|Any CPU.Build.0 = Release|Any CPU
		{64F42F7B-F3BD-438F-BFCB-1E562EA8F135}.Debug|Any CPU.ActiveCfg = Debug|Any CPU
		{64F42F7B-F3BD-438F-BFCB-1E562EA8F135}.Debug|Any CPU.Build.0 = Debug|Any CPU
		{64F42F7B-F3BD-438F-BFCB-1E562EA8F135}.Release|Any CPU.ActiveCfg = Release|Any CPU
		{64F42F7B-F3BD-438F-BFCB-1E562EA8F135}.Release|Any CPU.Build.0 = Release|Any CPU
		{96994B88-5013-4E3A-8E0B-3523DA0F5966}.Debug|Any CPU.ActiveCfg = Debug|Any CPU
		{96994B88-5013-4E3A-8E0B-3523DA0F5966}.Debug|Any CPU.Build.0 = Debug|Any CPU
		{96994B88-5013-4E3A-8E0B-3523DA0F5966}.Release|Any CPU.ActiveCfg = Release|Any CPU
		{96994B88-5013-4E3A-8E0B-3523DA0F5966}.Release|Any CPU.Build.0 = Release|Any CPU
		{3FCEFECD-BACD-4DBE-AA04-962A4DB78202}.Debug|Any CPU.ActiveCfg = Debug|Any CPU
		{3FCEFECD-BACD-4DBE-AA04-962A4DB78202}.Debug|Any CPU.Build.0 = Debug|Any CPU
		{3FCEFECD-BACD-4DBE-AA04-962A4DB78202}.Release|Any CPU.ActiveCfg = Release|Any CPU
		{3FCEFECD-BACD-4DBE-AA04-962A4DB78202}.Release|Any CPU.Build.0 = Release|Any CPU
		{5374F6FC-32F4-4D3C-9E09-D084F8519C98}.Debug|Any CPU.ActiveCfg = Debug|Any CPU
		{5374F6FC-32F4-4D3C-9E09-D084F8519C98}.Debug|Any CPU.Build.0 = Debug|Any CPU
		{5374F6FC-32F4-4D3C-9E09-D084F8519C98}.Release|Any CPU.ActiveCfg = Release|Any CPU
		{5374F6FC-32F4-4D3C-9E09-D084F8519C98}.Release|Any CPU.Build.0 = Release|Any CPU
		{978E9553-B549-447E-9B09-1463CA8470B1}.Debug|Any CPU.ActiveCfg = Debug|Any CPU
		{978E9553-B549-447E-9B09-1463CA8470B1}.Debug|Any CPU.Build.0 = Debug|Any CPU
		{978E9553-B549-447E-9B09-1463CA8470B1}.Release|Any CPU.ActiveCfg = Release|Any CPU
		{978E9553-B549-447E-9B09-1463CA8470B1}.Release|Any CPU.Build.0 = Release|Any CPU
		{8385CE2A-33AE-4214-85EA-E2156A2D87D7}.Debug|Any CPU.ActiveCfg = Debug|Any CPU
		{8385CE2A-33AE-4214-85EA-E2156A2D87D7}.Debug|Any CPU.Build.0 = Debug|Any CPU
		{8385CE2A-33AE-4214-85EA-E2156A2D87D7}.Release|Any CPU.ActiveCfg = Release|Any CPU
		{8385CE2A-33AE-4214-85EA-E2156A2D87D7}.Release|Any CPU.Build.0 = Release|Any CPU
		{F6651AFB-74CC-4795-BBA2-AA61B58AFA13}.Debug|Any CPU.ActiveCfg = Debug|Any CPU
		{F6651AFB-74CC-4795-BBA2-AA61B58AFA13}.Debug|Any CPU.Build.0 = Debug|Any CPU
		{F6651AFB-74CC-4795-BBA2-AA61B58AFA13}.Release|Any CPU.ActiveCfg = Release|Any CPU
		{F6651AFB-74CC-4795-BBA2-AA61B58AFA13}.Release|Any CPU.Build.0 = Release|Any CPU
		{0C0C47F3-07F5-4347-B780-853D2DB9C19A}.Debug|Any CPU.ActiveCfg = Debug|Any CPU
		{0C0C47F3-07F5-4347-B780-853D2DB9C19A}.Debug|Any CPU.Build.0 = Debug|Any CPU
		{0C0C47F3-07F5-4347-B780-853D2DB9C19A}.Release|Any CPU.ActiveCfg = Release|Any CPU
		{0C0C47F3-07F5-4347-B780-853D2DB9C19A}.Release|Any CPU.Build.0 = Release|Any CPU
		{F405F60B-B34B-4C99-9256-828E667BAB45}.Debug|Any CPU.ActiveCfg = Debug|Any CPU
		{F405F60B-B34B-4C99-9256-828E667BAB45}.Debug|Any CPU.Build.0 = Debug|Any CPU
		{F405F60B-B34B-4C99-9256-828E667BAB45}.Release|Any CPU.ActiveCfg = Release|Any CPU
		{F405F60B-B34B-4C99-9256-828E667BAB45}.Release|Any CPU.Build.0 = Release|Any CPU
		{409C2830-124C-45CC-9B33-8CDF4342B79E}.Debug|Any CPU.ActiveCfg = Debug|Any CPU
		{409C2830-124C-45CC-9B33-8CDF4342B79E}.Debug|Any CPU.Build.0 = Debug|Any CPU
		{409C2830-124C-45CC-9B33-8CDF4342B79E}.Release|Any CPU.ActiveCfg = Release|Any CPU
		{409C2830-124C-45CC-9B33-8CDF4342B79E}.Release|Any CPU.Build.0 = Release|Any CPU
		{508DE108-5C66-4E2B-A532-49EC5461EADE}.Debug|Any CPU.ActiveCfg = Debug|Any CPU
		{508DE108-5C66-4E2B-A532-49EC5461EADE}.Debug|Any CPU.Build.0 = Debug|Any CPU
		{508DE108-5C66-4E2B-A532-49EC5461EADE}.Release|Any CPU.ActiveCfg = Release|Any CPU
		{508DE108-5C66-4E2B-A532-49EC5461EADE}.Release|Any CPU.Build.0 = Release|Any CPU
		{E637134D-C742-4612-B158-FA185A20A698}.Debug|Any CPU.ActiveCfg = Debug|Any CPU
		{E637134D-C742-4612-B158-FA185A20A698}.Debug|Any CPU.Build.0 = Debug|Any CPU
		{E637134D-C742-4612-B158-FA185A20A698}.Release|Any CPU.ActiveCfg = Release|Any CPU
		{E637134D-C742-4612-B158-FA185A20A698}.Release|Any CPU.Build.0 = Release|Any CPU
		{E9C44543-2F58-4BC1-A5AA-CAAA199DBD94}.Debug|Any CPU.ActiveCfg = Debug|Any CPU
		{E9C44543-2F58-4BC1-A5AA-CAAA199DBD94}.Debug|Any CPU.Build.0 = Debug|Any CPU
		{E9C44543-2F58-4BC1-A5AA-CAAA199DBD94}.Release|Any CPU.ActiveCfg = Release|Any CPU
		{E9C44543-2F58-4BC1-A5AA-CAAA199DBD94}.Release|Any CPU.Build.0 = Release|Any CPU
		{1B295212-8650-4712-B68B-0EECCBD367C7}.Debug|Any CPU.ActiveCfg = Debug|Any CPU
		{1B295212-8650-4712-B68B-0EECCBD367C7}.Debug|Any CPU.Build.0 = Debug|Any CPU
		{1B295212-8650-4712-B68B-0EECCBD367C7}.Release|Any CPU.ActiveCfg = Release|Any CPU
		{1B295212-8650-4712-B68B-0EECCBD367C7}.Release|Any CPU.Build.0 = Release|Any CPU
		{C8074DE5-C4F9-4229-8A13-2322C9205B63}.Debug|Any CPU.ActiveCfg = Debug|Any CPU
		{C8074DE5-C4F9-4229-8A13-2322C9205B63}.Debug|Any CPU.Build.0 = Debug|Any CPU
		{C8074DE5-C4F9-4229-8A13-2322C9205B63}.Release|Any CPU.ActiveCfg = Release|Any CPU
		{C8074DE5-C4F9-4229-8A13-2322C9205B63}.Release|Any CPU.Build.0 = Release|Any CPU
	EndGlobalSection
	GlobalSection(SolutionProperties) = preSolution
		HideSolutionNode = FALSE
	EndGlobalSection
	GlobalSection(NestedProjects) = preSolution
		{53AD445E-F7EB-48B8-8469-BEB59B949F01} = {ECAC095F-CC65-4B7B-BC90-34B6C78C7B9A}
		{1F7C6763-2E88-4B59-8F9F-5343F1B054BA} = {53AD445E-F7EB-48B8-8469-BEB59B949F01}
		{B3946B10-51DB-4596-8B05-F76D637ADDE4} = {53AD445E-F7EB-48B8-8469-BEB59B949F01}
		{89A2AAD0-BE0D-4D00-AA0C-06C74AA6A884} = {ECAC095F-CC65-4B7B-BC90-34B6C78C7B9A}
		{4A955E08-1262-4DC4-8C12-7A3490A585C9} = {89A2AAD0-BE0D-4D00-AA0C-06C74AA6A884}
		{C2329626-DEC6-4C3C-A78C-42B77B1675FD} = {89A2AAD0-BE0D-4D00-AA0C-06C74AA6A884}
		{1616A21A-7C1A-4096-BD40-BA77B1628D0F} = {8A53D822-CC46-41C2-B5F0-DCCBDB68977C}
		{64F42F7B-F3BD-438F-BFCB-1E562EA8F135} = {8A53D822-CC46-41C2-B5F0-DCCBDB68977C}
		{73E0D9F1-61BB-494C-BA61-CF6A8C5B7306} = {BBE3BF4A-3FB8-4AF6-949B-C609D7C50093}
		{3FCEFECD-BACD-4DBE-AA04-962A4DB78202} = {73E0D9F1-61BB-494C-BA61-CF6A8C5B7306}
		{5374F6FC-32F4-4D3C-9E09-D084F8519C98} = {73E0D9F1-61BB-494C-BA61-CF6A8C5B7306}
		{6051BE41-C25F-4B8F-A1C3-4DE86179D8DD} = {BBE3BF4A-3FB8-4AF6-949B-C609D7C50093}
		{978E9553-B549-447E-9B09-1463CA8470B1} = {53AD445E-F7EB-48B8-8469-BEB59B949F01}
		{7E01573E-AA51-4A0E-B973-9C29FBEDAF21} = {BBE3BF4A-3FB8-4AF6-949B-C609D7C50093}
		{8385CE2A-33AE-4214-85EA-E2156A2D87D7} = {7E01573E-AA51-4A0E-B973-9C29FBEDAF21}
		{F6651AFB-74CC-4795-BBA2-AA61B58AFA13} = {7E01573E-AA51-4A0E-B973-9C29FBEDAF21}
		{F405F60B-B34B-4C99-9256-828E667BAB45} = {6051BE41-C25F-4B8F-A1C3-4DE86179D8DD}
		{383B4F99-6576-48DF-A266-40267600883B} = {BBE3BF4A-3FB8-4AF6-949B-C609D7C50093}
		{409C2830-124C-45CC-9B33-8CDF4342B79E} = {383B4F99-6576-48DF-A266-40267600883B}
		{508DE108-5C66-4E2B-A532-49EC5461EADE} = {383B4F99-6576-48DF-A266-40267600883B}
		{AAEFD416-E241-4212-9C3B-773B59642D4D} = {ECAC095F-CC65-4B7B-BC90-34B6C78C7B9A}
		{E637134D-C742-4612-B158-FA185A20A698} = {AAEFD416-E241-4212-9C3B-773B59642D4D}
		{E00230B8-07F6-4FF1-8A69-C4F9E740E0AC} = {AE3A4280-D4CD-4A5D-9FB5-8D91C23F75D7}
		{E9C44543-2F58-4BC1-A5AA-CAAA199DBD94} = {E00230B8-07F6-4FF1-8A69-C4F9E740E0AC}
		{1B295212-8650-4712-B68B-0EECCBD367C7} = {E00230B8-07F6-4FF1-8A69-C4F9E740E0AC}
		{C8074DE5-C4F9-4229-8A13-2322C9205B63} = {89A2AAD0-BE0D-4D00-AA0C-06C74AA6A884}
	EndGlobalSection
	GlobalSection(ExtensibilityGlobals) = postSolution
		SolutionGuid = {1A19553E-D74B-42BE-B125-31CDB6270549}
	EndGlobalSection
EndGlobal
