
Microsoft Visual Studio Solution File, Format Version 12.00
# Visual Studio 14
VisualStudioVersion = 14.0.25420.1
MinimumVisualStudioVersion = 10.0.40219.1
Project("{FAE04EC0-301F-11D3-BF4B-00C04F79EFBC}") = "Geisha.InitialProject", "Geisha.InitialProject\Geisha.InitialProject.csproj", "{07C9173C-5271-4020-AC2C-991DDC437068}"
EndProject
Project("{2150E333-8FDC-42A3-9474-1A3956D46DE8}") = "Framework", "Framework", "{ECAC095F-CC65-4B7B-BC90-34B6C78C7B9A}"
EndProject
Project("{2150E333-8FDC-42A3-9474-1A3956D46DE8}") = "Rendering", "Rendering", "{53AD445E-F7EB-48B8-8469-BEB59B949F01}"
EndProject
Project("{FAE04EC0-301F-11D3-BF4B-00C04F79EFBC}") = "Geisha.Framework.Rendering", "Framework\Rendering\Geisha.Framework.Rendering\Geisha.Framework.Rendering.csproj", "{1F7C6763-2E88-4B59-8F9F-5343F1B054BA}"
EndProject
Project("{FAE04EC0-301F-11D3-BF4B-00C04F79EFBC}") = "Geisha.Framework.Rendering.Gdi", "Framework\Rendering\Geisha.Framework.Rendering.Gdi\Geisha.Framework.Rendering.Gdi.csproj", "{B3946B10-51DB-4596-8B05-F76D637ADDE4}"
EndProject
Project("{2150E333-8FDC-42A3-9474-1A3956D46DE8}") = "Input", "Input", "{89A2AAD0-BE0D-4D00-AA0C-06C74AA6A884}"
EndProject
Project("{FAE04EC0-301F-11D3-BF4B-00C04F79EFBC}") = "Geisha.Framework.Input.Wpf", "Framework\Input\Geisha.Framework.Input.Wpf\Geisha.Framework.Input.Wpf.csproj", "{4A955E08-1262-4DC4-8C12-7A3490A585C9}"
EndProject
Project("{FAE04EC0-301F-11D3-BF4B-00C04F79EFBC}") = "Geisha.Framework.Input", "Framework\Input\Geisha.Framework.Input\Geisha.Framework.Input.csproj", "{C2329626-DEC6-4C3C-A78C-42B77B1675FD}"
EndProject
Project("{2150E333-8FDC-42A3-9474-1A3956D46DE8}") = "Engine", "Engine", "{BBE3BF4A-3FB8-4AF6-949B-C609D7C50093}"
EndProject
Project("{FAE04EC0-301F-11D3-BF4B-00C04F79EFBC}") = "Geisha.Engine.Core", "Engine\Geisha.Engine.Core\Geisha.Engine.Core.csproj", "{409C2830-124C-45CC-9B33-8CDF4342B79E}"
EndProject
Project("{FAE04EC0-301F-11D3-BF4B-00C04F79EFBC}") = "Geisha.Engine.Core.UnitTests", "Engine\Geisha.Engine.Core.UnitTests\Geisha.Engine.Core.UnitTests.csproj", "{508DE108-5C66-4E2B-A532-49EC5461EADE}"
EndProject
Project("{2150E333-8FDC-42A3-9474-1A3956D46DE8}") = "Common", "Common", "{8A53D822-CC46-41C2-B5F0-DCCBDB68977C}"
EndProject
Project("{FAE04EC0-301F-11D3-BF4B-00C04F79EFBC}") = "Geisha.Common", "Common\Geisha.Common\Geisha.Common.csproj", "{1616A21A-7C1A-4096-BD40-BA77B1628D0F}"
EndProject
Project("{FAE04EC0-301F-11D3-BF4B-00C04F79EFBC}") = "Geisha.Common.UnitTests", "Common\Geisha.Common.UnitTests\Geisha.Common.UnitTests.csproj", "{64F42F7B-F3BD-438F-BFCB-1E562EA8F135}"
EndProject
Global
	GlobalSection(SolutionConfigurationPlatforms) = preSolution
		Debug|Any CPU = Debug|Any CPU
		Release|Any CPU = Release|Any CPU
	EndGlobalSection
	GlobalSection(ProjectConfigurationPlatforms) = postSolution
		{07C9173C-5271-4020-AC2C-991DDC437068}.Debug|Any CPU.ActiveCfg = Debug|Any CPU
		{07C9173C-5271-4020-AC2C-991DDC437068}.Debug|Any CPU.Build.0 = Debug|Any CPU
		{07C9173C-5271-4020-AC2C-991DDC437068}.Release|Any CPU.ActiveCfg = Release|Any CPU
		{07C9173C-5271-4020-AC2C-991DDC437068}.Release|Any CPU.Build.0 = Release|Any CPU
		{1F7C6763-2E88-4B59-8F9F-5343F1B054BA}.Debug|Any CPU.ActiveCfg = Debug|Any CPU
		{1F7C6763-2E88-4B59-8F9F-5343F1B054BA}.Debug|Any CPU.Build.0 = Debug|Any CPU
		{1F7C6763-2E88-4B59-8F9F-5343F1B054BA}.Release|Any CPU.ActiveCfg = Release|Any CPU
		{1F7C6763-2E88-4B59-8F9F-5343F1B054BA}.Release|Any CPU.Build.0 = Release|Any CPU
		{B3946B10-51DB-4596-8B05-F76D637ADDE4}.Debug|Any CPU.ActiveCfg = Debug|Any CPU
		{B3946B10-51DB-4596-8B05-F76D637ADDE4}.Debug|Any CPU.Build.0 = Debug|Any CPU
		{B3946B10-51DB-4596-8B05-F76D637ADDE4}.Release|Any CPU.ActiveCfg = Release|Any CPU
		{B3946B10-51DB-4596-8B05-F76D637ADDE4}.Release|Any CPU.Build.0 = Release|Any CPU
		{4A955E08-1262-4DC4-8C12-7A3490A585C9}.Debug|Any CPU.ActiveCfg = Debug|Any CPU
		{4A955E08-1262-4DC4-8C12-7A3490A585C9}.Debug|Any CPU.Build.0 = Debug|Any CPU
		{4A955E08-1262-4DC4-8C12-7A3490A585C9}.Release|Any CPU.ActiveCfg = Release|Any CPU
		{4A955E08-1262-4DC4-8C12-7A3490A585C9}.Release|Any CPU.Build.0 = Release|Any CPU
		{C2329626-DEC6-4C3C-A78C-42B77B1675FD}.Debug|Any CPU.ActiveCfg = Debug|Any CPU
		{C2329626-DEC6-4C3C-A78C-42B77B1675FD}.Debug|Any CPU.Build.0 = Debug|Any CPU
		{C2329626-DEC6-4C3C-A78C-42B77B1675FD}.Release|Any CPU.ActiveCfg = Release|Any CPU
		{C2329626-DEC6-4C3C-A78C-42B77B1675FD}.Release|Any CPU.Build.0 = Release|Any CPU
		{409C2830-124C-45CC-9B33-8CDF4342B79E}.Debug|Any CPU.ActiveCfg = Debug|Any CPU
		{409C2830-124C-45CC-9B33-8CDF4342B79E}.Debug|Any CPU.Build.0 = Debug|Any CPU
		{409C2830-124C-45CC-9B33-8CDF4342B79E}.Release|Any CPU.ActiveCfg = Release|Any CPU
		{409C2830-124C-45CC-9B33-8CDF4342B79E}.Release|Any CPU.Build.0 = Release|Any CPU
		{508DE108-5C66-4E2B-A532-49EC5461EADE}.Debug|Any CPU.ActiveCfg = Debug|Any CPU
		{508DE108-5C66-4E2B-A532-49EC5461EADE}.Debug|Any CPU.Build.0 = Debug|Any CPU
		{508DE108-5C66-4E2B-A532-49EC5461EADE}.Release|Any CPU.ActiveCfg = Release|Any CPU
		{508DE108-5C66-4E2B-A532-49EC5461EADE}.Release|Any CPU.Build.0 = Release|Any CPU
		{1616A21A-7C1A-4096-BD40-BA77B1628D0F}.Debug|Any CPU.ActiveCfg = Debug|Any CPU
		{1616A21A-7C1A-4096-BD40-BA77B1628D0F}.Debug|Any CPU.Build.0 = Debug|Any CPU
		{1616A21A-7C1A-4096-BD40-BA77B1628D0F}.Release|Any CPU.ActiveCfg = Release|Any CPU
		{1616A21A-7C1A-4096-BD40-BA77B1628D0F}.Release|Any CPU.Build.0 = Release|Any CPU
		{64F42F7B-F3BD-438F-BFCB-1E562EA8F135}.Debug|Any CPU.ActiveCfg = Debug|Any CPU
		{64F42F7B-F3BD-438F-BFCB-1E562EA8F135}.Debug|Any CPU.Build.0 = Debug|Any CPU
		{64F42F7B-F3BD-438F-BFCB-1E562EA8F135}.Release|Any CPU.ActiveCfg = Release|Any CPU
		{64F42F7B-F3BD-438F-BFCB-1E562EA8F135}.Release|Any CPU.Build.0 = Release|Any CPU
	EndGlobalSection
	GlobalSection(SolutionProperties) = preSolution
		HideSolutionNode = FALSE
	EndGlobalSection
	GlobalSection(NestedProjects) = preSolution
		{53AD445E-F7EB-48B8-8469-BEB59B949F01} = {ECAC095F-CC65-4B7B-BC90-34B6C78C7B9A}
		{1F7C6763-2E88-4B59-8F9F-5343F1B054BA} = {53AD445E-F7EB-48B8-8469-BEB59B949F01}
		{B3946B10-51DB-4596-8B05-F76D637ADDE4} = {53AD445E-F7EB-48B8-8469-BEB59B949F01}
		{89A2AAD0-BE0D-4D00-AA0C-06C74AA6A884} = {ECAC095F-CC65-4B7B-BC90-34B6C78C7B9A}
		{4A955E08-1262-4DC4-8C12-7A3490A585C9} = {89A2AAD0-BE0D-4D00-AA0C-06C74AA6A884}
		{C2329626-DEC6-4C3C-A78C-42B77B1675FD} = {89A2AAD0-BE0D-4D00-AA0C-06C74AA6A884}
		{409C2830-124C-45CC-9B33-8CDF4342B79E} = {BBE3BF4A-3FB8-4AF6-949B-C609D7C50093}
		{508DE108-5C66-4E2B-A532-49EC5461EADE} = {BBE3BF4A-3FB8-4AF6-949B-C609D7C50093}
		{1616A21A-7C1A-4096-BD40-BA77B1628D0F} = {8A53D822-CC46-41C2-B5F0-DCCBDB68977C}
		{64F42F7B-F3BD-438F-BFCB-1E562EA8F135} = {8A53D822-CC46-41C2-B5F0-DCCBDB68977C}
	EndGlobalSection
EndGlobal
